// !$*UTF8*$!
{
	archiveVersion = 1;
	classes = {
	};
	objectVersion = 50;
	objects = {

/* Begin PBXBuildFile section */
		D0475F3A733C5674BF445050 /* Pods_DayBook.framework in Frameworks */ = {isa = PBXBuildFile; fileRef = 6CBA2CFA6D080EB1ECEA0199 /* Pods_DayBook.framework */; };
		EA11C81522AD695800D3FE84 /* User.swift in Sources */ = {isa = PBXBuildFile; fileRef = EA11C81422AD695800D3FE84 /* User.swift */; };
		EA225DB822AD84E400C0DC01 /* Assets.xcassets in Resources */ = {isa = PBXBuildFile; fileRef = EA225DB722AD84E400C0DC01 /* Assets.xcassets */; };
		EA225DBA22AD8B9B00C0DC01 /* NotesViewController.swift in Sources */ = {isa = PBXBuildFile; fileRef = EA225DB922AD8B9B00C0DC01 /* NotesViewController.swift */; };
		EA225DBC22AD8CE700C0DC01 /* WeatherViewController.swift in Sources */ = {isa = PBXBuildFile; fileRef = EA225DBB22AD8CE700C0DC01 /* WeatherViewController.swift */; };
		EA225DBE22AD8CF800C0DC01 /* TODOViewController.swift in Sources */ = {isa = PBXBuildFile; fileRef = EA225DBD22AD8CF800C0DC01 /* TODOViewController.swift */; };
		EA225DC222AD8D1F00C0DC01 /* BudgetViewController.swift in Sources */ = {isa = PBXBuildFile; fileRef = EA225DC122AD8D1F00C0DC01 /* BudgetViewController.swift */; };
		EA30050C22AEED64004911CB /* ChatStartPageViewController.swift in Sources */ = {isa = PBXBuildFile; fileRef = EA30050B22AEED64004911CB /* ChatStartPageViewController.swift */; };
		EA30050E22AEEF72004911CB /* Message.swift in Sources */ = {isa = PBXBuildFile; fileRef = EA30050D22AEEF72004911CB /* Message.swift */; };
		EA30051022AEF068004911CB /* UIColor+extension.swift in Sources */ = {isa = PBXBuildFile; fileRef = EA30050F22AEF068004911CB /* UIColor+extension.swift */; };
		EA30051222AEF096004911CB /* ChatService.swift in Sources */ = {isa = PBXBuildFile; fileRef = EA30051122AEF096004911CB /* ChatService.swift */; };
		EA30051422AF0CCF004911CB /* NSNotification+extension.swift in Sources */ = {isa = PBXBuildFile; fileRef = EA30051322AF0CCF004911CB /* NSNotification+extension.swift */; };
		EA30051822AF13F1004911CB /* TODOManager.swift in Sources */ = {isa = PBXBuildFile; fileRef = EA30051722AF13F1004911CB /* TODOManager.swift */; };
		EA6C17B922ABA8D300AE2C5E /* AppDelegate.swift in Sources */ = {isa = PBXBuildFile; fileRef = EA6C17B822ABA8D300AE2C5E /* AppDelegate.swift */; };
		EA6C17BE22ABA8D300AE2C5E /* Main.storyboard in Resources */ = {isa = PBXBuildFile; fileRef = EA6C17BC22ABA8D300AE2C5E /* Main.storyboard */; };
		EA6C17C322ABA8D300AE2C5E /* LaunchScreen.storyboard in Resources */ = {isa = PBXBuildFile; fileRef = EA6C17C122ABA8D300AE2C5E /* LaunchScreen.storyboard */; };
		EA6C17CB22ABAA2C00AE2C5E /* SignInViewController.swift in Sources */ = {isa = PBXBuildFile; fileRef = EA6C17CA22ABAA2C00AE2C5E /* SignInViewController.swift */; };
		EA6C17D122ABAB3A00AE2C5E /* GoogleInfo.plist in Resources */ = {isa = PBXBuildFile; fileRef = EA6C17D022ABAB3A00AE2C5E /* GoogleInfo.plist */; };
		EAA837C022AD6F1700B0FA4D /* UIView+extension.swift in Sources */ = {isa = PBXBuildFile; fileRef = EAA837BF22AD6F1700B0FA4D /* UIView+extension.swift */; };
		EAA837C322AD718200B0FA4D /* IndieFlower.ttf in Resources */ = {isa = PBXBuildFile; fileRef = EAA837C222AD718200B0FA4D /* IndieFlower.ttf */; };
		EAA837C522AD76C000B0FA4D /* UIButton+extension.swift in Sources */ = {isa = PBXBuildFile; fileRef = EAA837C422AD76C000B0FA4D /* UIButton+extension.swift */; };
		EADFE68322AE554900224F31 /* ChatViewController.swift in Sources */ = {isa = PBXBuildFile; fileRef = EADFE68222AE554900224F31 /* ChatViewController.swift */; };
/* End PBXBuildFile section */

/* Begin PBXFileReference section */
		3C95A67587FD4235B4B0C3F4 /* Pods-DayBook.debug.xcconfig */ = {isa = PBXFileReference; includeInIndex = 1; lastKnownFileType = text.xcconfig; name = "Pods-DayBook.debug.xcconfig"; path = "Pods/Target Support Files/Pods-DayBook/Pods-DayBook.debug.xcconfig"; sourceTree = "<group>"; };
		6CBA2CFA6D080EB1ECEA0199 /* Pods_DayBook.framework */ = {isa = PBXFileReference; explicitFileType = wrapper.framework; includeInIndex = 0; path = Pods_DayBook.framework; sourceTree = BUILT_PRODUCTS_DIR; };
		AD3B0505598BCCB98A0C8353 /* Pods-DayBook.release.xcconfig */ = {isa = PBXFileReference; includeInIndex = 1; lastKnownFileType = text.xcconfig; name = "Pods-DayBook.release.xcconfig"; path = "Pods/Target Support Files/Pods-DayBook/Pods-DayBook.release.xcconfig"; sourceTree = "<group>"; };
		EA11C81422AD695800D3FE84 /* User.swift */ = {isa = PBXFileReference; lastKnownFileType = sourcecode.swift; path = User.swift; sourceTree = "<group>"; };
		EA225DB722AD84E400C0DC01 /* Assets.xcassets */ = {isa = PBXFileReference; lastKnownFileType = folder.assetcatalog; path = Assets.xcassets; sourceTree = "<group>"; };
		EA225DB922AD8B9B00C0DC01 /* NotesViewController.swift */ = {isa = PBXFileReference; lastKnownFileType = sourcecode.swift; path = NotesViewController.swift; sourceTree = "<group>"; };
		EA225DBB22AD8CE700C0DC01 /* WeatherViewController.swift */ = {isa = PBXFileReference; lastKnownFileType = sourcecode.swift; path = WeatherViewController.swift; sourceTree = "<group>"; };
		EA225DBD22AD8CF800C0DC01 /* TODOViewController.swift */ = {isa = PBXFileReference; lastKnownFileType = sourcecode.swift; path = TODOViewController.swift; sourceTree = "<group>"; };
		EA225DC122AD8D1F00C0DC01 /* BudgetViewController.swift */ = {isa = PBXFileReference; lastKnownFileType = sourcecode.swift; path = BudgetViewController.swift; sourceTree = "<group>"; };
		EA30050B22AEED64004911CB /* ChatStartPageViewController.swift */ = {isa = PBXFileReference; lastKnownFileType = sourcecode.swift; path = ChatStartPageViewController.swift; sourceTree = "<group>"; };
		EA30050D22AEEF72004911CB /* Message.swift */ = {isa = PBXFileReference; lastKnownFileType = sourcecode.swift; path = Message.swift; sourceTree = "<group>"; };
		EA30050F22AEF068004911CB /* UIColor+extension.swift */ = {isa = PBXFileReference; lastKnownFileType = sourcecode.swift; path = "UIColor+extension.swift"; sourceTree = "<group>"; };
		EA30051122AEF096004911CB /* ChatService.swift */ = {isa = PBXFileReference; lastKnownFileType = sourcecode.swift; path = ChatService.swift; sourceTree = "<group>"; };
		EA30051322AF0CCF004911CB /* NSNotification+extension.swift */ = {isa = PBXFileReference; lastKnownFileType = sourcecode.swift; path = "NSNotification+extension.swift"; sourceTree = "<group>"; };
		EA30051722AF13F1004911CB /* TODOManager.swift */ = {isa = PBXFileReference; lastKnownFileType = sourcecode.swift; path = TODOManager.swift; sourceTree = "<group>"; };
		EA6C17B522ABA8D300AE2C5E /* DayBook.app */ = {isa = PBXFileReference; explicitFileType = wrapper.application; includeInIndex = 0; path = DayBook.app; sourceTree = BUILT_PRODUCTS_DIR; };
		EA6C17B822ABA8D300AE2C5E /* AppDelegate.swift */ = {isa = PBXFileReference; lastKnownFileType = sourcecode.swift; path = AppDelegate.swift; sourceTree = "<group>"; };
		EA6C17BD22ABA8D300AE2C5E /* Base */ = {isa = PBXFileReference; lastKnownFileType = file.storyboard; name = Base; path = Base.lproj/Main.storyboard; sourceTree = "<group>"; };
		EA6C17C222ABA8D300AE2C5E /* Base */ = {isa = PBXFileReference; lastKnownFileType = file.storyboard; name = Base; path = Base.lproj/LaunchScreen.storyboard; sourceTree = "<group>"; };
		EA6C17C422ABA8D300AE2C5E /* Info.plist */ = {isa = PBXFileReference; lastKnownFileType = text.plist.xml; path = Info.plist; sourceTree = "<group>"; };
		EA6C17CA22ABAA2C00AE2C5E /* SignInViewController.swift */ = {isa = PBXFileReference; lastKnownFileType = sourcecode.swift; path = SignInViewController.swift; sourceTree = "<group>"; };
		EA6C17D022ABAB3A00AE2C5E /* GoogleInfo.plist */ = {isa = PBXFileReference; fileEncoding = 4; lastKnownFileType = text.plist.xml; path = GoogleInfo.plist; sourceTree = "<group>"; };
		EAA837BF22AD6F1700B0FA4D /* UIView+extension.swift */ = {isa = PBXFileReference; lastKnownFileType = sourcecode.swift; path = "UIView+extension.swift"; sourceTree = "<group>"; };
		EAA837C222AD718200B0FA4D /* IndieFlower.ttf */ = {isa = PBXFileReference; lastKnownFileType = file; path = IndieFlower.ttf; sourceTree = "<group>"; };
		EAA837C422AD76C000B0FA4D /* UIButton+extension.swift */ = {isa = PBXFileReference; lastKnownFileType = sourcecode.swift; path = "UIButton+extension.swift"; sourceTree = "<group>"; };
		EADFE68222AE554900224F31 /* ChatViewController.swift */ = {isa = PBXFileReference; lastKnownFileType = sourcecode.swift; path = ChatViewController.swift; sourceTree = "<group>"; };
/* End PBXFileReference section */

/* Begin PBXFrameworksBuildPhase section */
		EA6C17B222ABA8D300AE2C5E /* Frameworks */ = {
			isa = PBXFrameworksBuildPhase;
			buildActionMask = 2147483647;
			files = (
				D0475F3A733C5674BF445050 /* Pods_DayBook.framework in Frameworks */,
			);
			runOnlyForDeploymentPostprocessing = 0;
		};
/* End PBXFrameworksBuildPhase section */

/* Begin PBXGroup section */
		55D47F022FEC68931427379F /* Frameworks */ = {
			isa = PBXGroup;
			children = (
				6CBA2CFA6D080EB1ECEA0199 /* Pods_DayBook.framework */,
			);
			name = Frameworks;
			sourceTree = "<group>";
		};
		D9B35ECAADBB44976CA5DFC0 /* Pods */ = {
			isa = PBXGroup;
			children = (
				3C95A67587FD4235B4B0C3F4 /* Pods-DayBook.debug.xcconfig */,
				AD3B0505598BCCB98A0C8353 /* Pods-DayBook.release.xcconfig */,
			);
			name = Pods;
			sourceTree = "<group>";
		};
		EA6C17AC22ABA8D300AE2C5E = {
			isa = PBXGroup;
			children = (
				EA6C17B722ABA8D300AE2C5E /* DayBook */,
				EA6C17B622ABA8D300AE2C5E /* Products */,
				D9B35ECAADBB44976CA5DFC0 /* Pods */,
				55D47F022FEC68931427379F /* Frameworks */,
			);
			sourceTree = "<group>";
		};
		EA6C17B622ABA8D300AE2C5E /* Products */ = {
			isa = PBXGroup;
			children = (
				EA6C17B522ABA8D300AE2C5E /* DayBook.app */,
			);
			name = Products;
			sourceTree = "<group>";
		};
		EA6C17B722ABA8D300AE2C5E /* DayBook */ = {
			isa = PBXGroup;
			children = (
				EA6C17CC22ABAAC900AE2C5E /* Model */,
				EA6C17CD22ABAACF00AE2C5E /* View */,
				EA6C17CE22ABAAD400AE2C5E /* Controller */,
				EAA837BE22AD6F0000B0FA4D /* Extensions */,
				EA6C17CF22ABAADC00AE2C5E /* Supporting Files */,
				EAA837C122AD710F00B0FA4D /* Fonts */,
			);
			path = DayBook;
			sourceTree = "<group>";
		};
		EA6C17CC22ABAAC900AE2C5E /* Model */ = {
			isa = PBXGroup;
			children = (
				EA11C81422AD695800D3FE84 /* User.swift */,
				EA30050D22AEEF72004911CB /* Message.swift */,
				EA30051122AEF096004911CB /* ChatService.swift */,
				EA30051722AF13F1004911CB /* TODOManager.swift */,
			);
			path = Model;
			sourceTree = "<group>";
		};
		EA6C17CD22ABAACF00AE2C5E /* View */ = {
			isa = PBXGroup;
			children = (
			);
			path = View;
			sourceTree = "<group>";
		};
		EA6C17CE22ABAAD400AE2C5E /* Controller */ = {
			isa = PBXGroup;
			children = (
				EA6C17BC22ABA8D300AE2C5E /* Main.storyboard */,
				EA6C17CA22ABAA2C00AE2C5E /* SignInViewController.swift */,
				EA225DB922AD8B9B00C0DC01 /* NotesViewController.swift */,
				EA225DBB22AD8CE700C0DC01 /* WeatherViewController.swift */,
				EA225DBD22AD8CF800C0DC01 /* TODOViewController.swift */,
				EA225DC122AD8D1F00C0DC01 /* BudgetViewController.swift */,
				EADFE68222AE554900224F31 /* ChatViewController.swift */,
				EA30050B22AEED64004911CB /* ChatStartPageViewController.swift */,
			);
			path = Controller;
			sourceTree = "<group>";
		};
		EA6C17CF22ABAADC00AE2C5E /* Supporting Files */ = {
			isa = PBXGroup;
			children = (
				EA225DB722AD84E400C0DC01 /* Assets.xcassets */,
				EA6C17B822ABA8D300AE2C5E /* AppDelegate.swift */,
				EA6C17C122ABA8D300AE2C5E /* LaunchScreen.storyboard */,
				EA6C17D022ABAB3A00AE2C5E /* GoogleInfo.plist */,
				EA6C17C422ABA8D300AE2C5E /* Info.plist */,
			);
			name = "Supporting Files";
			sourceTree = "<group>";
		};
		EAA837BE22AD6F0000B0FA4D /* Extensions */ = {
			isa = PBXGroup;
			children = (
				EAA837BF22AD6F1700B0FA4D /* UIView+extension.swift */,
				EAA837C422AD76C000B0FA4D /* UIButton+extension.swift */,
				EA30050F22AEF068004911CB /* UIColor+extension.swift */,
				EA30051322AF0CCF004911CB /* NSNotification+extension.swift */,
			);
			path = Extensions;
			sourceTree = "<group>";
		};
		EAA837C122AD710F00B0FA4D /* Fonts */ = {
			isa = PBXGroup;
			children = (
				EAA837C222AD718200B0FA4D /* IndieFlower.ttf */,
			);
			path = Fonts;
			sourceTree = "<group>";
		};
/* End PBXGroup section */

/* Begin PBXNativeTarget section */
		EA6C17B422ABA8D300AE2C5E /* DayBook */ = {
			isa = PBXNativeTarget;
			buildConfigurationList = EA6C17C722ABA8D300AE2C5E /* Build configuration list for PBXNativeTarget "DayBook" */;
			buildPhases = (
				6B52BB1091611E611C3B5B48 /* [CP] Check Pods Manifest.lock */,
				EA6C17B122ABA8D300AE2C5E /* Sources */,
				EA6C17B222ABA8D300AE2C5E /* Frameworks */,
				EA6C17B322ABA8D300AE2C5E /* Resources */,
				D208F369FAD761994FA1A209 /* [CP] Embed Pods Frameworks */,
				3B766E0F0B1D625B8E5DE200 /* [CP] Copy Pods Resources */,
			);
			buildRules = (
			);
			dependencies = (
			);
			name = DayBook;
			productName = DayBook;
			productReference = EA6C17B522ABA8D300AE2C5E /* DayBook.app */;
			productType = "com.apple.product-type.application";
		};
/* End PBXNativeTarget section */

/* Begin PBXProject section */
		EA6C17AD22ABA8D300AE2C5E /* Project object */ = {
			isa = PBXProject;
			attributes = {
				LastSwiftUpdateCheck = 1020;
				LastUpgradeCheck = 1020;
				ORGANIZATIONNAME = "Илья";
				TargetAttributes = {
					EA6C17B422ABA8D300AE2C5E = {
						CreatedOnToolsVersion = 10.2.1;
					};
				};
			};
			buildConfigurationList = EA6C17B022ABA8D300AE2C5E /* Build configuration list for PBXProject "DayBook" */;
			compatibilityVersion = "Xcode 9.3";
			developmentRegion = en;
			hasScannedForEncodings = 0;
			knownRegions = (
				en,
				Base,
			);
			mainGroup = EA6C17AC22ABA8D300AE2C5E;
			productRefGroup = EA6C17B622ABA8D300AE2C5E /* Products */;
			projectDirPath = "";
			projectRoot = "";
			targets = (
				EA6C17B422ABA8D300AE2C5E /* DayBook */,
			);
		};
/* End PBXProject section */

/* Begin PBXResourcesBuildPhase section */
		EA6C17B322ABA8D300AE2C5E /* Resources */ = {
			isa = PBXResourcesBuildPhase;
			buildActionMask = 2147483647;
			files = (
				EAA837C322AD718200B0FA4D /* IndieFlower.ttf in Resources */,
				EA6C17C322ABA8D300AE2C5E /* LaunchScreen.storyboard in Resources */,
				EA6C17BE22ABA8D300AE2C5E /* Main.storyboard in Resources */,
				EA6C17D122ABAB3A00AE2C5E /* GoogleInfo.plist in Resources */,
				EA225DB822AD84E400C0DC01 /* Assets.xcassets in Resources */,
			);
			runOnlyForDeploymentPostprocessing = 0;
		};
/* End PBXResourcesBuildPhase section */

/* Begin PBXShellScriptBuildPhase section */
		3B766E0F0B1D625B8E5DE200 /* [CP] Copy Pods Resources */ = {
			isa = PBXShellScriptBuildPhase;
			buildActionMask = 2147483647;
			files = (
			);
			inputFileListPaths = (
			);
			inputPaths = (
				"${SRCROOT}/Pods/Target Support Files/Pods-DayBook/Pods-DayBook-resources.sh",
				"${PODS_ROOT}/GoogleSignIn/Resources/GoogleSignIn.bundle",
			);
			name = "[CP] Copy Pods Resources";
			outputFileListPaths = (
			);
			outputPaths = (
				"${TARGET_BUILD_DIR}/${UNLOCALIZED_RESOURCES_FOLDER_PATH}/GoogleSignIn.bundle",
			);
			runOnlyForDeploymentPostprocessing = 0;
			shellPath = /bin/sh;
			shellScript = "\"${SRCROOT}/Pods/Target Support Files/Pods-DayBook/Pods-DayBook-resources.sh\"\n";
			showEnvVarsInLog = 0;
		};
		6B52BB1091611E611C3B5B48 /* [CP] Check Pods Manifest.lock */ = {
			isa = PBXShellScriptBuildPhase;
			buildActionMask = 2147483647;
			files = (
			);
			inputFileListPaths = (
			);
			inputPaths = (
				"${PODS_PODFILE_DIR_PATH}/Podfile.lock",
				"${PODS_ROOT}/Manifest.lock",
			);
			name = "[CP] Check Pods Manifest.lock";
			outputFileListPaths = (
			);
			outputPaths = (
				"$(DERIVED_FILE_DIR)/Pods-DayBook-checkManifestLockResult.txt",
			);
			runOnlyForDeploymentPostprocessing = 0;
			shellPath = /bin/sh;
			shellScript = "diff \"${PODS_PODFILE_DIR_PATH}/Podfile.lock\" \"${PODS_ROOT}/Manifest.lock\" > /dev/null\nif [ $? != 0 ] ; then\n    # print error to STDERR\n    echo \"error: The sandbox is not in sync with the Podfile.lock. Run 'pod install' or update your CocoaPods installation.\" >&2\n    exit 1\nfi\n# This output is used by Xcode 'outputs' to avoid re-running this script phase.\necho \"SUCCESS\" > \"${SCRIPT_OUTPUT_FILE_0}\"\n";
			showEnvVarsInLog = 0;
		};
		D208F369FAD761994FA1A209 /* [CP] Embed Pods Frameworks */ = {
			isa = PBXShellScriptBuildPhase;
			buildActionMask = 2147483647;
			files = (
			);
			inputFileListPaths = (
			);
			inputPaths = (
				"${SRCROOT}/Pods/Target Support Files/Pods-DayBook/Pods-DayBook-frameworks.sh",
				"${BUILT_PRODUCTS_DIR}/Alamofire/Alamofire.framework",
				"${BUILT_PRODUCTS_DIR}/GTMSessionFetcher/GTMSessionFetcher.framework",
				"${BUILT_PRODUCTS_DIR}/GoogleAPIClientForREST/GoogleAPIClientForREST.framework",
				"${BUILT_PRODUCTS_DIR}/GoogleToolboxForMac/GoogleToolboxForMac.framework",
				"${BUILT_PRODUCTS_DIR}/InputBarAccessoryView/InputBarAccessoryView.framework",
				"${BUILT_PRODUCTS_DIR}/LetterAvatarKit/LetterAvatarKit.framework",
				"${BUILT_PRODUCTS_DIR}/MessageKit/MessageKit.framework",
				"${BUILT_PRODUCTS_DIR}/Scaledrone/Scaledrone.framework",
				"${BUILT_PRODUCTS_DIR}/Starscream/Starscream.framework",
				"${BUILT_PRODUCTS_DIR}/SwiftyJSON/SwiftyJSON.framework",
			);
			name = "[CP] Embed Pods Frameworks";
			outputFileListPaths = (
			);
			outputPaths = (
				"${TARGET_BUILD_DIR}/${FRAMEWORKS_FOLDER_PATH}/Alamofire.framework",
				"${TARGET_BUILD_DIR}/${FRAMEWORKS_FOLDER_PATH}/GTMSessionFetcher.framework",
				"${TARGET_BUILD_DIR}/${FRAMEWORKS_FOLDER_PATH}/GoogleAPIClientForREST.framework",
				"${TARGET_BUILD_DIR}/${FRAMEWORKS_FOLDER_PATH}/GoogleToolboxForMac.framework",
				"${TARGET_BUILD_DIR}/${FRAMEWORKS_FOLDER_PATH}/InputBarAccessoryView.framework",
				"${TARGET_BUILD_DIR}/${FRAMEWORKS_FOLDER_PATH}/LetterAvatarKit.framework",
				"${TARGET_BUILD_DIR}/${FRAMEWORKS_FOLDER_PATH}/MessageKit.framework",
				"${TARGET_BUILD_DIR}/${FRAMEWORKS_FOLDER_PATH}/Scaledrone.framework",
				"${TARGET_BUILD_DIR}/${FRAMEWORKS_FOLDER_PATH}/Starscream.framework",
				"${TARGET_BUILD_DIR}/${FRAMEWORKS_FOLDER_PATH}/SwiftyJSON.framework",
			);
			runOnlyForDeploymentPostprocessing = 0;
			shellPath = /bin/sh;
			shellScript = "\"${SRCROOT}/Pods/Target Support Files/Pods-DayBook/Pods-DayBook-frameworks.sh\"\n";
			showEnvVarsInLog = 0;
		};
/* End PBXShellScriptBuildPhase section */

/* Begin PBXSourcesBuildPhase section */
		EA6C17B122ABA8D300AE2C5E /* Sources */ = {
			isa = PBXSourcesBuildPhase;
			buildActionMask = 2147483647;
			files = (
				EA225DBE22AD8CF800C0DC01 /* TODOViewController.swift in Sources */,
				EA6C17CB22ABAA2C00AE2C5E /* SignInViewController.swift in Sources */,
				EA6C17B922ABA8D300AE2C5E /* AppDelegate.swift in Sources */,
				EA30051022AEF068004911CB /* UIColor+extension.swift in Sources */,
				EA30050C22AEED64004911CB /* ChatStartPageViewController.swift in Sources */,
				EA225DBA22AD8B9B00C0DC01 /* NotesViewController.swift in Sources */,
				EAA837C022AD6F1700B0FA4D /* UIView+extension.swift in Sources */,
				EA225DBC22AD8CE700C0DC01 /* WeatherViewController.swift in Sources */,
				EA225DC222AD8D1F00C0DC01 /* BudgetViewController.swift in Sources */,
				EA30051422AF0CCF004911CB /* NSNotification+extension.swift in Sources */,
				EA30051222AEF096004911CB /* ChatService.swift in Sources */,
				EA11C81522AD695800D3FE84 /* User.swift in Sources */,
				EA30050E22AEEF72004911CB /* Message.swift in Sources */,
				EA30051822AF13F1004911CB /* TODOManager.swift in Sources */,
				EADFE68322AE554900224F31 /* ChatViewController.swift in Sources */,
				EAA837C522AD76C000B0FA4D /* UIButton+extension.swift in Sources */,
			);
			runOnlyForDeploymentPostprocessing = 0;
		};
/* End PBXSourcesBuildPhase section */

/* Begin PBXVariantGroup section */
		EA6C17BC22ABA8D300AE2C5E /* Main.storyboard */ = {
			isa = PBXVariantGroup;
			children = (
				EA6C17BD22ABA8D300AE2C5E /* Base */,
			);
			name = Main.storyboard;
			sourceTree = "<group>";
		};
		EA6C17C122ABA8D300AE2C5E /* LaunchScreen.storyboard */ = {
			isa = PBXVariantGroup;
			children = (
				EA6C17C222ABA8D300AE2C5E /* Base */,
			);
			name = LaunchScreen.storyboard;
			sourceTree = "<group>";
		};
/* End PBXVariantGroup section */

/* Begin XCBuildConfiguration section */
		EA6C17C522ABA8D300AE2C5E /* Debug */ = {
			isa = XCBuildConfiguration;
			buildSettings = {
				ALWAYS_SEARCH_USER_PATHS = NO;
				CLANG_ANALYZER_NONNULL = YES;
				CLANG_ANALYZER_NUMBER_OBJECT_CONVERSION = YES_AGGRESSIVE;
				CLANG_CXX_LANGUAGE_STANDARD = "gnu++14";
				CLANG_CXX_LIBRARY = "libc++";
				CLANG_ENABLE_MODULES = YES;
				CLANG_ENABLE_OBJC_ARC = YES;
				CLANG_ENABLE_OBJC_WEAK = YES;
				CLANG_WARN_BLOCK_CAPTURE_AUTORELEASING = YES;
				CLANG_WARN_BOOL_CONVERSION = YES;
				CLANG_WARN_COMMA = YES;
				CLANG_WARN_CONSTANT_CONVERSION = YES;
				CLANG_WARN_DEPRECATED_OBJC_IMPLEMENTATIONS = YES;
				CLANG_WARN_DIRECT_OBJC_ISA_USAGE = YES_ERROR;
				CLANG_WARN_DOCUMENTATION_COMMENTS = YES;
				CLANG_WARN_EMPTY_BODY = YES;
				CLANG_WARN_ENUM_CONVERSION = YES;
				CLANG_WARN_INFINITE_RECURSION = YES;
				CLANG_WARN_INT_CONVERSION = YES;
				CLANG_WARN_NON_LITERAL_NULL_CONVERSION = YES;
				CLANG_WARN_OBJC_IMPLICIT_RETAIN_SELF = YES;
				CLANG_WARN_OBJC_LITERAL_CONVERSION = YES;
				CLANG_WARN_OBJC_ROOT_CLASS = YES_ERROR;
				CLANG_WARN_RANGE_LOOP_ANALYSIS = YES;
				CLANG_WARN_STRICT_PROTOTYPES = YES;
				CLANG_WARN_SUSPICIOUS_MOVE = YES;
				CLANG_WARN_UNGUARDED_AVAILABILITY = YES_AGGRESSIVE;
				CLANG_WARN_UNREACHABLE_CODE = YES;
				CLANG_WARN__DUPLICATE_METHOD_MATCH = YES;
				CODE_SIGN_IDENTITY = "iPhone Developer";
				COPY_PHASE_STRIP = NO;
				DEBUG_INFORMATION_FORMAT = dwarf;
				ENABLE_STRICT_OBJC_MSGSEND = YES;
				ENABLE_TESTABILITY = YES;
				GCC_C_LANGUAGE_STANDARD = gnu11;
				GCC_DYNAMIC_NO_PIC = NO;
				GCC_NO_COMMON_BLOCKS = YES;
				GCC_OPTIMIZATION_LEVEL = 0;
				GCC_PREPROCESSOR_DEFINITIONS = (
					"DEBUG=1",
					"$(inherited)",
				);
				GCC_WARN_64_TO_32_BIT_CONVERSION = YES;
				GCC_WARN_ABOUT_RETURN_TYPE = YES_ERROR;
				GCC_WARN_UNDECLARED_SELECTOR = YES;
				GCC_WARN_UNINITIALIZED_AUTOS = YES_AGGRESSIVE;
				GCC_WARN_UNUSED_FUNCTION = YES;
				GCC_WARN_UNUSED_VARIABLE = YES;
				IPHONEOS_DEPLOYMENT_TARGET = 12.2;
				MTL_ENABLE_DEBUG_INFO = INCLUDE_SOURCE;
				MTL_FAST_MATH = YES;
				ONLY_ACTIVE_ARCH = YES;
				SDKROOT = iphoneos;
				SWIFT_ACTIVE_COMPILATION_CONDITIONS = DEBUG;
				SWIFT_OPTIMIZATION_LEVEL = "-Onone";
			};
			name = Debug;
		};
		EA6C17C622ABA8D300AE2C5E /* Release */ = {
			isa = XCBuildConfiguration;
			buildSettings = {
				ALWAYS_SEARCH_USER_PATHS = NO;
				CLANG_ANALYZER_NONNULL = YES;
				CLANG_ANALYZER_NUMBER_OBJECT_CONVERSION = YES_AGGRESSIVE;
				CLANG_CXX_LANGUAGE_STANDARD = "gnu++14";
				CLANG_CXX_LIBRARY = "libc++";
				CLANG_ENABLE_MODULES = YES;
				CLANG_ENABLE_OBJC_ARC = YES;
				CLANG_ENABLE_OBJC_WEAK = YES;
				CLANG_WARN_BLOCK_CAPTURE_AUTORELEASING = YES;
				CLANG_WARN_BOOL_CONVERSION = YES;
				CLANG_WARN_COMMA = YES;
				CLANG_WARN_CONSTANT_CONVERSION = YES;
				CLANG_WARN_DEPRECATED_OBJC_IMPLEMENTATIONS = YES;
				CLANG_WARN_DIRECT_OBJC_ISA_USAGE = YES_ERROR;
				CLANG_WARN_DOCUMENTATION_COMMENTS = YES;
				CLANG_WARN_EMPTY_BODY = YES;
				CLANG_WARN_ENUM_CONVERSION = YES;
				CLANG_WARN_INFINITE_RECURSION = YES;
				CLANG_WARN_INT_CONVERSION = YES;
				CLANG_WARN_NON_LITERAL_NULL_CONVERSION = YES;
				CLANG_WARN_OBJC_IMPLICIT_RETAIN_SELF = YES;
				CLANG_WARN_OBJC_LITERAL_CONVERSION = YES;
				CLANG_WARN_OBJC_ROOT_CLASS = YES_ERROR;
				CLANG_WARN_RANGE_LOOP_ANALYSIS = YES;
				CLANG_WARN_STRICT_PROTOTYPES = YES;
				CLANG_WARN_SUSPICIOUS_MOVE = YES;
				CLANG_WARN_UNGUARDED_AVAILABILITY = YES_AGGRESSIVE;
				CLANG_WARN_UNREACHABLE_CODE = YES;
				CLANG_WARN__DUPLICATE_METHOD_MATCH = YES;
				CODE_SIGN_IDENTITY = "iPhone Developer";
				COPY_PHASE_STRIP = NO;
				DEBUG_INFORMATION_FORMAT = "dwarf-with-dsym";
				ENABLE_NS_ASSERTIONS = NO;
				ENABLE_STRICT_OBJC_MSGSEND = YES;
				GCC_C_LANGUAGE_STANDARD = gnu11;
				GCC_NO_COMMON_BLOCKS = YES;
				GCC_WARN_64_TO_32_BIT_CONVERSION = YES;
				GCC_WARN_ABOUT_RETURN_TYPE = YES_ERROR;
				GCC_WARN_UNDECLARED_SELECTOR = YES;
				GCC_WARN_UNINITIALIZED_AUTOS = YES_AGGRESSIVE;
				GCC_WARN_UNUSED_FUNCTION = YES;
				GCC_WARN_UNUSED_VARIABLE = YES;
				IPHONEOS_DEPLOYMENT_TARGET = 12.2;
				MTL_ENABLE_DEBUG_INFO = NO;
				MTL_FAST_MATH = YES;
				SDKROOT = iphoneos;
				SWIFT_COMPILATION_MODE = wholemodule;
				SWIFT_OPTIMIZATION_LEVEL = "-O";
				VALIDATE_PRODUCT = YES;
			};
			name = Release;
		};
		EA6C17C822ABA8D300AE2C5E /* Debug */ = {
			isa = XCBuildConfiguration;
			baseConfigurationReference = 3C95A67587FD4235B4B0C3F4 /* Pods-DayBook.debug.xcconfig */;
			buildSettings = {
				ASSETCATALOG_COMPILER_APPICON_NAME = AppIcon;
				CODE_SIGN_STYLE = Automatic;
				DEVELOPMENT_TEAM = 4XL84F39P3;
				INFOPLIST_FILE = DayBook/Info.plist;
				LD_RUNPATH_SEARCH_PATHS = (
					"$(inherited)",
					"@executable_path/Frameworks",
				);
				PRODUCT_BUNDLE_IDENTIFIER = com.captainblack.DayBook;
				PRODUCT_NAME = "$(TARGET_NAME)";
				SWIFT_VERSION = 5.0;
				TARGETED_DEVICE_FAMILY = "1,2";
			};
			name = Debug;
		};
		EA6C17C922ABA8D300AE2C5E /* Release */ = {
			isa = XCBuildConfiguration;
			baseConfigurationReference = AD3B0505598BCCB98A0C8353 /* Pods-DayBook.release.xcconfig */;
			buildSettings = {
				ASSETCATALOG_COMPILER_APPICON_NAME = AppIcon;
				CODE_SIGN_STYLE = Automatic;
				DEVELOPMENT_TEAM = 4XL84F39P3;
				INFOPLIST_FILE = DayBook/Info.plist;
				LD_RUNPATH_SEARCH_PATHS = (
					"$(inherited)",
					"@executable_path/Frameworks",
				);
				PRODUCT_BUNDLE_IDENTIFIER = com.captainblack.DayBook;
				PRODUCT_NAME = "$(TARGET_NAME)";
				SWIFT_VERSION = 5.0;
				TARGETED_DEVICE_FAMILY = "1,2";
			};
			name = Release;
		};
/* End XCBuildConfiguration section */

/* Begin XCConfigurationList section */
		EA6C17B022ABA8D300AE2C5E /* Build configuration list for PBXProject "DayBook" */ = {
			isa = XCConfigurationList;
			buildConfigurations = (
				EA6C17C522ABA8D300AE2C5E /* Debug */,
				EA6C17C622ABA8D300AE2C5E /* Release */,
			);
			defaultConfigurationIsVisible = 0;
			defaultConfigurationName = Release;
		};
		EA6C17C722ABA8D300AE2C5E /* Build configuration list for PBXNativeTarget "DayBook" */ = {
			isa = XCConfigurationList;
			buildConfigurations = (
				EA6C17C822ABA8D300AE2C5E /* Debug */,
				EA6C17C922ABA8D300AE2C5E /* Release */,
			);
			defaultConfigurationIsVisible = 0;
			defaultConfigurationName = Release;
		};
/* End XCConfigurationList section */
	};
	rootObject = EA6C17AD22ABA8D300AE2C5E /* Project object */;
}
